
Microsoft Visual Studio Solution File, Format Version 12.00
# Visual Studio 15
VisualStudioVersion = 15.0.27428.2027
MinimumVisualStudioVersion = 10.0.40219.1
Project("{FAE04EC0-301F-11D3-BF4B-00C04F79EFBC}") = "HomeBudget.Domain", "HomeBudget.Domain\HomeBudget.Domain.csproj", "{E97D46E1-8D05-4D65-86A4-C7C33B3992FC}"
EndProject
Project("{FAE04EC0-301F-11D3-BF4B-00C04F79EFBC}") = "HomeBudget.WebApplication", "HomeBudget.WebApplication\HomeBudget.WebApplication.csproj", "{E5AE2E15-C938-41AF-809D-823AB45F850A}"
EndProject
Project("{FAE04EC0-301F-11D3-BF4B-00C04F79EFBC}") = "HomeBudget.Database", "HomeBudget.Database\HomeBudget.Database.csproj", "{3BB2E327-7A74-47F1-B653-DF8F3FA8BDFB}"
EndProject
Global
	GlobalSection(SolutionConfigurationPlatforms) = preSolution
		Debug|Any CPU = Debug|Any CPU
		Release|Any CPU = Release|Any CPU
	EndGlobalSection
	GlobalSection(ProjectConfigurationPlatforms) = postSolution
		{E97D46E1-8D05-4D65-86A4-C7C33B3992FC}.Debug|Any CPU.ActiveCfg = Debug|Any CPU
		{E97D46E1-8D05-4D65-86A4-C7C33B3992FC}.Debug|Any CPU.Build.0 = Debug|Any CPU
		{E97D46E1-8D05-4D65-86A4-C7C33B3992FC}.Release|Any CPU.ActiveCfg = Release|Any CPU
		{E97D46E1-8D05-4D65-86A4-C7C33B3992FC}.Release|Any CPU.Build.0 = Release|Any CPU
		{E5AE2E15-C938-41AF-809D-823AB45F850A}.Debug|Any CPU.ActiveCfg = Debug|Any CPU
		{E5AE2E15-C938-41AF-809D-823AB45F850A}.Debug|Any CPU.Build.0 = Debug|Any CPU
		{E5AE2E15-C938-41AF-809D-823AB45F850A}.Release|Any CPU.ActiveCfg = Release|Any CPU
		{E5AE2E15-C938-41AF-809D-823AB45F850A}.Release|Any CPU.Build.0 = Release|Any CPU
		{3BB2E327-7A74-47F1-B653-DF8F3FA8BDFB}.Debug|Any CPU.ActiveCfg = Debug|Any CPU
		{3BB2E327-7A74-47F1-B653-DF8F3FA8BDFB}.Debug|Any CPU.Build.0 = Debug|Any CPU
		{3BB2E327-7A74-47F1-B653-DF8F3FA8BDFB}.Release|Any CPU.ActiveCfg = Release|Any CPU
		{3BB2E327-7A74-47F1-B653-DF8F3FA8BDFB}.Release|Any CPU.Build.0 = Release|Any CPU
	EndGlobalSection
	GlobalSection(SolutionProperties) = preSolution
		HideSolutionNode = FALSE
	EndGlobalSection
	GlobalSection(ExtensibilityGlobals) = postSolution
		SolutionGuid = {AA564A94-8408-4A31-95D0-51C70B44F9BB}
	EndGlobalSection
EndGlobal
